
Microsoft Visual Studio Solution File, Format Version 12.00
# Visual Studio Version 17
VisualStudioVersion = 17.13.35931.197 d17.13
MinimumVisualStudioVersion = 10.0.40219.1
Project("{FAE04EC0-301F-11D3-BF4B-00C04F79EFBC}") = "cfloresS3TC", "cfloresS3TC.csproj", "{2BBBA3AF-3240-4D91-A637-2C25C8466875}"
EndProject
Global
	GlobalSection(SolutionConfigurationPlatforms) = preSolution
		Debug|Any CPU = Debug|Any CPU
		Release|Any CPU = Release|Any CPU
	EndGlobalSection
	GlobalSection(ProjectConfigurationPlatforms) = postSolution
		{2BBBA3AF-3240-4D91-A637-2C25C8466875}.Debug|Any CPU.ActiveCfg = Debug|Any CPU
		{2BBBA3AF-3240-4D91-A637-2C25C8466875}.Debug|Any CPU.Build.0 = Debug|Any CPU
		{2BBBA3AF-3240-4D91-A637-2C25C8466875}.Release|Any CPU.ActiveCfg = Release|Any CPU
		{2BBBA3AF-3240-4D91-A637-2C25C8466875}.Release|Any CPU.Build.0 = Release|Any CPU
	EndGlobalSection
	GlobalSection(SolutionProperties) = preSolution
		HideSolutionNode = FALSE
	EndGlobalSection
	GlobalSection(ExtensibilityGlobals) = postSolution
		SolutionGuid = {5E4E6E2F-FB00-45A6-9F00-D4F0F48FAE7A}
	EndGlobalSection
EndGlobal
